
Microsoft Visual Studio Solution File, Format Version 12.00
# Visual Studio Version 16
VisualStudioVersion = 16.0.30907.101
MinimumVisualStudioVersion = 10.0.40219.1
Project("{FAE04EC0-301F-11D3-BF4B-00C04F79EFBC}") = "ToyRobot.Library", "ToyRobot\ToyRobot.Library.csproj", "{D932D731-62CD-4F72-8498-86C0C87BCBC8}"
EndProject
Project("{FAE04EC0-301F-11D3-BF4B-00C04F79EFBC}") = "ToyRobotTest", "ToyRobotTest\ToyRobotTest.csproj", "{BBC423D6-E61B-4977-B02A-456FBC2D870B}"
EndProject
Project("{FAE04EC0-301F-11D3-BF4B-00C04F79EFBC}") = "ToyRobot.Web", "ToyRobotWeb\ToyRobot.Web.csproj", "{364DF938-60A1-49F2-B420-71917A1C7240}"
EndProject
Global
	GlobalSection(SolutionConfigurationPlatforms) = preSolution
		Debug|Any CPU = Debug|Any CPU
		Release|Any CPU = Release|Any CPU
	EndGlobalSection
	GlobalSection(ProjectConfigurationPlatforms) = postSolution
		{D932D731-62CD-4F72-8498-86C0C87BCBC8}.Debug|Any CPU.ActiveCfg = Debug|Any CPU
		{D932D731-62CD-4F72-8498-86C0C87BCBC8}.Debug|Any CPU.Build.0 = Debug|Any CPU
		{D932D731-62CD-4F72-8498-86C0C87BCBC8}.Release|Any CPU.ActiveCfg = Release|Any CPU
		{D932D731-62CD-4F72-8498-86C0C87BCBC8}.Release|Any CPU.Build.0 = Release|Any CPU
		{BBC423D6-E61B-4977-B02A-456FBC2D870B}.Debug|Any CPU.ActiveCfg = Debug|Any CPU
		{BBC423D6-E61B-4977-B02A-456FBC2D870B}.Debug|Any CPU.Build.0 = Debug|Any CPU
		{BBC423D6-E61B-4977-B02A-456FBC2D870B}.Release|Any CPU.ActiveCfg = Release|Any CPU
		{BBC423D6-E61B-4977-B02A-456FBC2D870B}.Release|Any CPU.Build.0 = Release|Any CPU
		{364DF938-60A1-49F2-B420-71917A1C7240}.Debug|Any CPU.ActiveCfg = Debug|Any CPU
		{364DF938-60A1-49F2-B420-71917A1C7240}.Debug|Any CPU.Build.0 = Debug|Any CPU
		{364DF938-60A1-49F2-B420-71917A1C7240}.Release|Any CPU.ActiveCfg = Release|Any CPU
		{364DF938-60A1-49F2-B420-71917A1C7240}.Release|Any CPU.Build.0 = Release|Any CPU
	EndGlobalSection
	GlobalSection(SolutionProperties) = preSolution
		HideSolutionNode = FALSE
	EndGlobalSection
	GlobalSection(ExtensibilityGlobals) = postSolution
		SolutionGuid = {215D5FA1-47F4-4B41-AABF-BE8142985C69}
	EndGlobalSection
EndGlobal
